
Microsoft Visual Studio Solution File, Format Version 12.00
# Visual Studio Version 16
VisualStudioVersion = 16.0.29709.97
MinimumVisualStudioVersion = 10.0.40219.1
Project("{FAE04EC0-301F-11D3-BF4B-00C04F79EFBC}") = "CSharpOop.RangeTask", "CSharpOop\CSharpOop.RangeTask.csproj", "{88704793-49DA-4721-AE5B-17B7E566275B}"
EndProject
Project("{FAE04EC0-301F-11D3-BF4B-00C04F79EFBC}") = "CSharpOop.Shape", "CSharpOop.Shape\CSharpOop.Shape.csproj", "{FCE46717-06DE-45EE-8637-59E1050EEF47}"
EndProject
Project("{FAE04EC0-301F-11D3-BF4B-00C04F79EFBC}") = "CSharpOop.Vector", "CSharpOop.Vector\CSharpOop.Vector.csproj", "{6C0F3613-611B-4498-A049-844A61F3A4B6}"
EndProject
Project("{FAE04EC0-301F-11D3-BF4B-00C04F79EFBC}") = "CSharpOop.ArrayListHome", "CSharpOop.ArrayListHome\CSharpOop.ArrayListHome.csproj", "{A5E8D498-174B-4715-9FD3-DFDF72ADDC3A}"
EndProject
Project("{FAE04EC0-301F-11D3-BF4B-00C04F79EFBC}") = "CSharpOop.ListTask", "CSharpOop.ListTask\CSharpOop.ListTask.csproj", "{1934F546-FA9E-452B-BB87-37CD215B0B4C}"
EndProject
Project("{FAE04EC0-301F-11D3-BF4B-00C04F79EFBC}") = "CSharpOop.ArrayList", "CSharpOop.ArrayLIst\CSharpOop.ArrayList.csproj", "{BEA878EB-3080-4FB0-BFF2-457F7B8A04AF}"
EndProject
Project("{FAE04EC0-301F-11D3-BF4B-00C04F79EFBC}") = "CSharpOop.LambdaFunction", "CSharpOop.LambdaFunction\CSharpOop.LambdaFunction.csproj", "{191C41E5-931F-4172-A827-4FEB033D11C8}"
EndProject
Project("{FAE04EC0-301F-11D3-BF4B-00C04F79EFBC}") = "CSharpOop.Csv", "CSharpOop.Csv\CSharpOop.Csv.csproj", "{F83ABBC9-D72F-46F4-8A17-BAAC3C82296A}"
EndProject
Global
	GlobalSection(SolutionConfigurationPlatforms) = preSolution
		Debug|Any CPU = Debug|Any CPU
		Release|Any CPU = Release|Any CPU
	EndGlobalSection
	GlobalSection(ProjectConfigurationPlatforms) = postSolution
		{88704793-49DA-4721-AE5B-17B7E566275B}.Debug|Any CPU.ActiveCfg = Debug|Any CPU
		{88704793-49DA-4721-AE5B-17B7E566275B}.Debug|Any CPU.Build.0 = Debug|Any CPU
		{88704793-49DA-4721-AE5B-17B7E566275B}.Release|Any CPU.ActiveCfg = Release|Any CPU
		{88704793-49DA-4721-AE5B-17B7E566275B}.Release|Any CPU.Build.0 = Release|Any CPU
		{FCE46717-06DE-45EE-8637-59E1050EEF47}.Debug|Any CPU.ActiveCfg = Debug|Any CPU
		{FCE46717-06DE-45EE-8637-59E1050EEF47}.Debug|Any CPU.Build.0 = Debug|Any CPU
		{FCE46717-06DE-45EE-8637-59E1050EEF47}.Release|Any CPU.ActiveCfg = Release|Any CPU
		{FCE46717-06DE-45EE-8637-59E1050EEF47}.Release|Any CPU.Build.0 = Release|Any CPU
		{6C0F3613-611B-4498-A049-844A61F3A4B6}.Debug|Any CPU.ActiveCfg = Debug|Any CPU
		{6C0F3613-611B-4498-A049-844A61F3A4B6}.Debug|Any CPU.Build.0 = Debug|Any CPU
		{6C0F3613-611B-4498-A049-844A61F3A4B6}.Release|Any CPU.ActiveCfg = Release|Any CPU
		{6C0F3613-611B-4498-A049-844A61F3A4B6}.Release|Any CPU.Build.0 = Release|Any CPU
		{A5E8D498-174B-4715-9FD3-DFDF72ADDC3A}.Debug|Any CPU.ActiveCfg = Debug|Any CPU
		{A5E8D498-174B-4715-9FD3-DFDF72ADDC3A}.Debug|Any CPU.Build.0 = Debug|Any CPU
		{A5E8D498-174B-4715-9FD3-DFDF72ADDC3A}.Release|Any CPU.ActiveCfg = Release|Any CPU
		{A5E8D498-174B-4715-9FD3-DFDF72ADDC3A}.Release|Any CPU.Build.0 = Release|Any CPU
		{1934F546-FA9E-452B-BB87-37CD215B0B4C}.Debug|Any CPU.ActiveCfg = Debug|Any CPU
		{1934F546-FA9E-452B-BB87-37CD215B0B4C}.Debug|Any CPU.Build.0 = Debug|Any CPU
		{1934F546-FA9E-452B-BB87-37CD215B0B4C}.Release|Any CPU.ActiveCfg = Release|Any CPU
		{1934F546-FA9E-452B-BB87-37CD215B0B4C}.Release|Any CPU.Build.0 = Release|Any CPU
		{BEA878EB-3080-4FB0-BFF2-457F7B8A04AF}.Debug|Any CPU.ActiveCfg = Debug|Any CPU
		{BEA878EB-3080-4FB0-BFF2-457F7B8A04AF}.Debug|Any CPU.Build.0 = Debug|Any CPU
		{BEA878EB-3080-4FB0-BFF2-457F7B8A04AF}.Release|Any CPU.ActiveCfg = Release|Any CPU
		{BEA878EB-3080-4FB0-BFF2-457F7B8A04AF}.Release|Any CPU.Build.0 = Release|Any CPU
		{191C41E5-931F-4172-A827-4FEB033D11C8}.Debug|Any CPU.ActiveCfg = Debug|Any CPU
		{191C41E5-931F-4172-A827-4FEB033D11C8}.Debug|Any CPU.Build.0 = Debug|Any CPU
		{191C41E5-931F-4172-A827-4FEB033D11C8}.Release|Any CPU.ActiveCfg = Release|Any CPU
		{191C41E5-931F-4172-A827-4FEB033D11C8}.Release|Any CPU.Build.0 = Release|Any CPU
		{F83ABBC9-D72F-46F4-8A17-BAAC3C82296A}.Debug|Any CPU.ActiveCfg = Debug|Any CPU
		{F83ABBC9-D72F-46F4-8A17-BAAC3C82296A}.Debug|Any CPU.Build.0 = Debug|Any CPU
		{F83ABBC9-D72F-46F4-8A17-BAAC3C82296A}.Release|Any CPU.ActiveCfg = Release|Any CPU
		{F83ABBC9-D72F-46F4-8A17-BAAC3C82296A}.Release|Any CPU.Build.0 = Release|Any CPU
	EndGlobalSection
	GlobalSection(SolutionProperties) = preSolution
		HideSolutionNode = FALSE
	EndGlobalSection
	GlobalSection(ExtensibilityGlobals) = postSolution
		SolutionGuid = {9C67E656-B12A-48D2-9B8B-A139F460EFAE}
	EndGlobalSection
EndGlobal
